{
  "name": "webui-localtunnel-client",
  "version": "1.1.0",
  "lockfileVersion": 3,
  "requires": true,
  "packages": {
    "": {
      "name": "webui-localtunnel-client",
      "version": "1.1.0",
      "license": "MIT",
      "dependencies": {
        "minimist": "^1.2.8",
        "which": "^3.0.0"
      },
      "engines": {
        "node": ">=14.21.3"
      }
    },
    "node_modules/isexe": {
      "version": "2.0.0",
      "resolved": "https://registry.npmjs.org/isexe/-/isexe-2.0.0.tgz",
      "integrity": "sha512-RHxMLp9lnKHGHRng9QFhRCMbYAcVpn69smSGcq3f36xjgVVWThj4qqLbTLlq7Ssj8B+fIQ1EuCEGI2lKsyQeIw=="
    },
    "node_modules/minimist": {
      "version": "1.2.8",
      "resolved": "https://registry.npmjs.org/minimist/-/minimist-1.2.8.tgz",
      "integrity": "sha512-2yyAR8qBkN3YuheJanUpWC5U3bb5osDywNB8RzDVlDwDHbocAJveqqj1u8+SVD7jkWT4yvsHCpWqqWqAxb0zCA==",
      "funding": {
        "url": "https://github.com/sponsors/ljharb"
      }
    },
    "node_modules/which": {
      "version": "3.0.0",
      "resolved": "https://registry.npmjs.org/which/-/which-3.0.0.tgz",
      "integrity": "sha512-nla//68K9NU6yRiwDY/Q8aU6siKlSs64aEC7+IV56QoAuyQT2ovsJcgGYGyqMOmI/CGN1BOR6mM5EN0FBO+zyQ==",
      "dependencies": {
        "isexe": "^2.0.0"
      },
      "bin": {
        "node-which": "bin/which.js"
      },
      "engines": {
        "node": "^14.17.0 || ^16.13.0 || >=18.0.0"
      }
    }
  }
}
